// !$*UTF8*$!
{
	archiveVersion = 1;
	classes = {
	};
	objectVersion = 46;
	objects = {

/* Begin PBXBuildFile section */
		2126F9FF1FD720B60005893E /* Review.m in Sources */ = {isa = PBXBuildFile; fileRef = 2126F9FE1FD720B60005893E /* Review.m */; };
		2126FA021FD723050005893E /* ReviewsTableViewController.m in Sources */ = {isa = PBXBuildFile; fileRef = 2126FA011FD723050005893E /* ReviewsTableViewController.m */; };
		2126FA051FD723240005893E /* ReviewTableViewCell.m in Sources */ = {isa = PBXBuildFile; fileRef = 2126FA041FD723240005893E /* ReviewTableViewCell.m */; };
		2129BD1F1FCF103C0039C41C /* main.m in Sources */ = {isa = PBXBuildFile; fileRef = 2129BD1E1FCF103C0039C41C /* main.m */; };
		2129BD221FCF103C0039C41C /* AppDelegate.m in Sources */ = {isa = PBXBuildFile; fileRef = 2129BD211FCF103C0039C41C /* AppDelegate.m */; };
		2129BD281FCF103C0039C41C /* Main.storyboard in Resources */ = {isa = PBXBuildFile; fileRef = 2129BD261FCF103C0039C41C /* Main.storyboard */; };
		2129BD2A1FCF103C0039C41C /* Assets.xcassets in Resources */ = {isa = PBXBuildFile; fileRef = 2129BD291FCF103C0039C41C /* Assets.xcassets */; };
		2129BD2D1FCF103C0039C41C /* LaunchScreen.storyboard in Resources */ = {isa = PBXBuildFile; fileRef = 2129BD2B1FCF103C0039C41C /* LaunchScreen.storyboard */; };
		2129BD381FCF103C0039C41C /* cinematic_objcTests.m in Sources */ = {isa = PBXBuildFile; fileRef = 2129BD371FCF103C0039C41C /* cinematic_objcTests.m */; };
		2129BD441FCF11FB0039C41C /* SearchTableViewController.m in Sources */ = {isa = PBXBuildFile; fileRef = 2129BD431FCF11FB0039C41C /* SearchTableViewController.m */; };
		2129BD471FCF13280039C41C /* Movie.m in Sources */ = {isa = PBXBuildFile; fileRef = 2129BD461FCF13280039C41C /* Movie.m */; };
		2129BD4A1FCF3F610039C41C /* MovieTableViewCell.m in Sources */ = {isa = PBXBuildFile; fileRef = 2129BD491FCF3F610039C41C /* MovieTableViewCell.m */; };
		2129BD4D1FD0C13A0039C41C /* MovieDetailTableViewController.m in Sources */ = {isa = PBXBuildFile; fileRef = 2129BD4C1FD0C13A0039C41C /* MovieDetailTableViewController.m */; };
		2129BD501FD0C79A0039C41C /* PopularCollectionViewController.m in Sources */ = {isa = PBXBuildFile; fileRef = 2129BD4F1FD0C79A0039C41C /* PopularCollectionViewController.m */; };
		2129BD531FD0CECE0039C41C /* PopularCollectionViewCell.m in Sources */ = {isa = PBXBuildFile; fileRef = 2129BD521FD0CECE0039C41C /* PopularCollectionViewCell.m */; };
		2745663DE9AD4566EC8B8720 /* libPods-cinematic-objc.a in Frameworks */ = {isa = PBXBuildFile; fileRef = 2565CF2434E5F1E48E5DF6B7 /* libPods-cinematic-objc.a */; };
		A20286A2DDAD559AC0BBF9A6 /* libPods-cinematic-objcTests.a in Frameworks */ = {isa = PBXBuildFile; fileRef = 4CFC6175417F57FB2BDA3ECA /* libPods-cinematic-objcTests.a */; };
/* End PBXBuildFile section */

/* Begin PBXContainerItemProxy section */
		2129BD341FCF103C0039C41C /* PBXContainerItemProxy */ = {
			isa = PBXContainerItemProxy;
			containerPortal = 2129BD121FCF103C0039C41C /* Project object */;
			proxyType = 1;
			remoteGlobalIDString = 2129BD191FCF103C0039C41C;
			remoteInfo = "cinematic-objc";
		};
/* End PBXContainerItemProxy section */

/* Begin PBXFileReference section */
		116CD5455E01C275661808FB /* Pods-cinematic-objcTests.debug.xcconfig */ = {isa = PBXFileReference; includeInIndex = 1; lastKnownFileType = text.xcconfig; name = "Pods-cinematic-objcTests.debug.xcconfig"; path = "Pods/Target Support Files/Pods-cinematic-objcTests/Pods-cinematic-objcTests.debug.xcconfig"; sourceTree = "<group>"; };
		2126F9FD1FD720B60005893E /* Review.h */ = {isa = PBXFileReference; fileEncoding = 4; lastKnownFileType = sourcecode.c.h; path = Review.h; sourceTree = "<group>"; };
		2126F9FE1FD720B60005893E /* Review.m */ = {isa = PBXFileReference; fileEncoding = 4; lastKnownFileType = sourcecode.c.objc; path = Review.m; sourceTree = "<group>"; };
		2126FA001FD723050005893E /* ReviewsTableViewController.h */ = {isa = PBXFileReference; fileEncoding = 4; lastKnownFileType = sourcecode.c.h; path = ReviewsTableViewController.h; sourceTree = "<group>"; };
		2126FA011FD723050005893E /* ReviewsTableViewController.m */ = {isa = PBXFileReference; fileEncoding = 4; lastKnownFileType = sourcecode.c.objc; path = ReviewsTableViewController.m; sourceTree = "<group>"; };
		2126FA031FD723240005893E /* ReviewTableViewCell.h */ = {isa = PBXFileReference; fileEncoding = 4; lastKnownFileType = sourcecode.c.h; path = ReviewTableViewCell.h; sourceTree = "<group>"; };
		2126FA041FD723240005893E /* ReviewTableViewCell.m */ = {isa = PBXFileReference; fileEncoding = 4; lastKnownFileType = sourcecode.c.objc; path = ReviewTableViewCell.m; sourceTree = "<group>"; };
		2129BD1A1FCF103C0039C41C /* cinematic-objc.app */ = {isa = PBXFileReference; explicitFileType = wrapper.application; includeInIndex = 0; path = "cinematic-objc.app"; sourceTree = BUILT_PRODUCTS_DIR; };
		2129BD1E1FCF103C0039C41C /* main.m */ = {isa = PBXFileReference; lastKnownFileType = sourcecode.c.objc; path = main.m; sourceTree = "<group>"; };
		2129BD201FCF103C0039C41C /* AppDelegate.h */ = {isa = PBXFileReference; lastKnownFileType = sourcecode.c.h; path = AppDelegate.h; sourceTree = "<group>"; };
		2129BD211FCF103C0039C41C /* AppDelegate.m */ = {isa = PBXFileReference; lastKnownFileType = sourcecode.c.objc; path = AppDelegate.m; sourceTree = "<group>"; };
		2129BD271FCF103C0039C41C /* Base */ = {isa = PBXFileReference; lastKnownFileType = file.storyboard; name = Base; path = Base.lproj/Main.storyboard; sourceTree = "<group>"; };
		2129BD291FCF103C0039C41C /* Assets.xcassets */ = {isa = PBXFileReference; lastKnownFileType = folder.assetcatalog; path = Assets.xcassets; sourceTree = "<group>"; };
		2129BD2C1FCF103C0039C41C /* Base */ = {isa = PBXFileReference; lastKnownFileType = file.storyboard; name = Base; path = Base.lproj/LaunchScreen.storyboard; sourceTree = "<group>"; };
		2129BD2E1FCF103C0039C41C /* Info.plist */ = {isa = PBXFileReference; lastKnownFileType = text.plist.xml; path = Info.plist; sourceTree = "<group>"; };
		2129BD331FCF103C0039C41C /* cinematic-objcTests.xctest */ = {isa = PBXFileReference; explicitFileType = wrapper.cfbundle; includeInIndex = 0; path = "cinematic-objcTests.xctest"; sourceTree = BUILT_PRODUCTS_DIR; };
		2129BD371FCF103C0039C41C /* cinematic_objcTests.m */ = {isa = PBXFileReference; lastKnownFileType = sourcecode.c.objc; path = cinematic_objcTests.m; sourceTree = "<group>"; };
		2129BD391FCF103C0039C41C /* Info.plist */ = {isa = PBXFileReference; lastKnownFileType = text.plist.xml; path = Info.plist; sourceTree = "<group>"; };
		2129BD421FCF11FB0039C41C /* SearchTableViewController.h */ = {isa = PBXFileReference; fileEncoding = 4; lastKnownFileType = sourcecode.c.h; path = SearchTableViewController.h; sourceTree = "<group>"; };
		2129BD431FCF11FB0039C41C /* SearchTableViewController.m */ = {isa = PBXFileReference; fileEncoding = 4; lastKnownFileType = sourcecode.c.objc; path = SearchTableViewController.m; sourceTree = "<group>"; };
		2129BD451FCF13280039C41C /* Movie.h */ = {isa = PBXFileReference; fileEncoding = 4; lastKnownFileType = sourcecode.c.h; path = Movie.h; sourceTree = "<group>"; };
		2129BD461FCF13280039C41C /* Movie.m */ = {isa = PBXFileReference; fileEncoding = 4; lastKnownFileType = sourcecode.c.objc; path = Movie.m; sourceTree = "<group>"; };
		2129BD481FCF3F610039C41C /* MovieTableViewCell.h */ = {isa = PBXFileReference; fileEncoding = 4; lastKnownFileType = sourcecode.c.h; path = MovieTableViewCell.h; sourceTree = "<group>"; };
		2129BD491FCF3F610039C41C /* MovieTableViewCell.m */ = {isa = PBXFileReference; fileEncoding = 4; lastKnownFileType = sourcecode.c.objc; path = MovieTableViewCell.m; sourceTree = "<group>"; };
		2129BD4B1FD0C13A0039C41C /* MovieDetailTableViewController.h */ = {isa = PBXFileReference; fileEncoding = 4; lastKnownFileType = sourcecode.c.h; path = MovieDetailTableViewController.h; sourceTree = "<group>"; };
		2129BD4C1FD0C13A0039C41C /* MovieDetailTableViewController.m */ = {isa = PBXFileReference; fileEncoding = 4; lastKnownFileType = sourcecode.c.objc; path = MovieDetailTableViewController.m; sourceTree = "<group>"; };
		2129BD4E1FD0C79A0039C41C /* PopularCollectionViewController.h */ = {isa = PBXFileReference; fileEncoding = 4; lastKnownFileType = sourcecode.c.h; path = PopularCollectionViewController.h; sourceTree = "<group>"; };
		2129BD4F1FD0C79A0039C41C /* PopularCollectionViewController.m */ = {isa = PBXFileReference; fileEncoding = 4; lastKnownFileType = sourcecode.c.objc; path = PopularCollectionViewController.m; sourceTree = "<group>"; };
		2129BD511FD0CECE0039C41C /* PopularCollectionViewCell.h */ = {isa = PBXFileReference; fileEncoding = 4; lastKnownFileType = sourcecode.c.h; path = PopularCollectionViewCell.h; sourceTree = "<group>"; };
		2129BD521FD0CECE0039C41C /* PopularCollectionViewCell.m */ = {isa = PBXFileReference; fileEncoding = 4; lastKnownFileType = sourcecode.c.objc; path = PopularCollectionViewCell.m; sourceTree = "<group>"; };
		2565CF2434E5F1E48E5DF6B7 /* libPods-cinematic-objc.a */ = {isa = PBXFileReference; explicitFileType = archive.ar; includeInIndex = 0; path = "libPods-cinematic-objc.a"; sourceTree = BUILT_PRODUCTS_DIR; };
		4CFC6175417F57FB2BDA3ECA /* libPods-cinematic-objcTests.a */ = {isa = PBXFileReference; explicitFileType = archive.ar; includeInIndex = 0; path = "libPods-cinematic-objcTests.a"; sourceTree = BUILT_PRODUCTS_DIR; };
		5317D204396D4E4FE75FD79C /* Pods-cinematic-objc.debug.xcconfig */ = {isa = PBXFileReference; includeInIndex = 1; lastKnownFileType = text.xcconfig; name = "Pods-cinematic-objc.debug.xcconfig"; path = "Pods/Target Support Files/Pods-cinematic-objc/Pods-cinematic-objc.debug.xcconfig"; sourceTree = "<group>"; };
		56FAAFEB4E4F35C10BFD1C3A /* Pods-cinematic-objc.release.xcconfig */ = {isa = PBXFileReference; includeInIndex = 1; lastKnownFileType = text.xcconfig; name = "Pods-cinematic-objc.release.xcconfig"; path = "Pods/Target Support Files/Pods-cinematic-objc/Pods-cinematic-objc.release.xcconfig"; sourceTree = "<group>"; };
		E6A8AF5A8FBCDACC34326A68 /* Pods-cinematic-objcTests.release.xcconfig */ = {isa = PBXFileReference; includeInIndex = 1; lastKnownFileType = text.xcconfig; name = "Pods-cinematic-objcTests.release.xcconfig"; path = "Pods/Target Support Files/Pods-cinematic-objcTests/Pods-cinematic-objcTests.release.xcconfig"; sourceTree = "<group>"; };
/* End PBXFileReference section */

/* Begin PBXFrameworksBuildPhase section */
		2129BD171FCF103C0039C41C /* Frameworks */ = {
			isa = PBXFrameworksBuildPhase;
			buildActionMask = 2147483647;
			files = (
				2745663DE9AD4566EC8B8720 /* libPods-cinematic-objc.a in Frameworks */,
			);
			runOnlyForDeploymentPostprocessing = 0;
		};
		2129BD301FCF103C0039C41C /* Frameworks */ = {
			isa = PBXFrameworksBuildPhase;
			buildActionMask = 2147483647;
			files = (
				A20286A2DDAD559AC0BBF9A6 /* libPods-cinematic-objcTests.a in Frameworks */,
			);
			runOnlyForDeploymentPostprocessing = 0;
		};
/* End PBXFrameworksBuildPhase section */

/* Begin PBXGroup section */
		2129BD111FCF103C0039C41C = {
			isa = PBXGroup;
			children = (
				2129BD1C1FCF103C0039C41C /* cinematic-objc */,
				2129BD361FCF103C0039C41C /* cinematic-objcTests */,
				2129BD1B1FCF103C0039C41C /* Products */,
				C21C9C2B34A1799857AC1B22 /* Pods */,
				5C2205B13B6D00A238E7307B /* Frameworks */,
			);
			sourceTree = "<group>";
		};
		2129BD1B1FCF103C0039C41C /* Products */ = {
			isa = PBXGroup;
			children = (
				2129BD1A1FCF103C0039C41C /* cinematic-objc.app */,
				2129BD331FCF103C0039C41C /* cinematic-objcTests.xctest */,
			);
			name = Products;
			sourceTree = "<group>";
		};
		2129BD1C1FCF103C0039C41C /* cinematic-objc */ = {
			isa = PBXGroup;
			children = (
				2129BD201FCF103C0039C41C /* AppDelegate.h */,
				2129BD211FCF103C0039C41C /* AppDelegate.m */,
				2129BD261FCF103C0039C41C /* Main.storyboard */,
				2126FA031FD723240005893E /* ReviewTableViewCell.h */,
				2126FA041FD723240005893E /* ReviewTableViewCell.m */,
				2126FA001FD723050005893E /* ReviewsTableViewController.h */,
				2126FA011FD723050005893E /* ReviewsTableViewController.m */,
				2129BD511FD0CECE0039C41C /* PopularCollectionViewCell.h */,
				2129BD521FD0CECE0039C41C /* PopularCollectionViewCell.m */,
				2129BD4E1FD0C79A0039C41C /* PopularCollectionViewController.h */,
				2129BD4F1FD0C79A0039C41C /* PopularCollectionViewController.m */,
				2129BD481FCF3F610039C41C /* MovieTableViewCell.h */,
				2129BD491FCF3F610039C41C /* MovieTableViewCell.m */,
				2129BD421FCF11FB0039C41C /* SearchTableViewController.h */,
				2129BD431FCF11FB0039C41C /* SearchTableViewController.m */,
				2129BD4B1FD0C13A0039C41C /* MovieDetailTableViewController.h */,
				2129BD4C1FD0C13A0039C41C /* MovieDetailTableViewController.m */,
				2129BD451FCF13280039C41C /* Movie.h */,
				2129BD461FCF13280039C41C /* Movie.m */,
				2126F9FD1FD720B60005893E /* Review.h */,
				2126F9FE1FD720B60005893E /* Review.m */,
				2129BD291FCF103C0039C41C /* Assets.xcassets */,
				2129BD2B1FCF103C0039C41C /* LaunchScreen.storyboard */,
				2129BD2E1FCF103C0039C41C /* Info.plist */,
				2129BD1D1FCF103C0039C41C /* Supporting Files */,
			);
			path = "cinematic-objc";
			sourceTree = "<group>";
		};
		2129BD1D1FCF103C0039C41C /* Supporting Files */ = {
			isa = PBXGroup;
			children = (
				2129BD1E1FCF103C0039C41C /* main.m */,
			);
			name = "Supporting Files";
			sourceTree = "<group>";
		};
		2129BD361FCF103C0039C41C /* cinematic-objcTests */ = {
			isa = PBXGroup;
			children = (
				2129BD371FCF103C0039C41C /* cinematic_objcTests.m */,
				2129BD391FCF103C0039C41C /* Info.plist */,
			);
			path = "cinematic-objcTests";
			sourceTree = "<group>";
		};
		5C2205B13B6D00A238E7307B /* Frameworks */ = {
			isa = PBXGroup;
			children = (
				2565CF2434E5F1E48E5DF6B7 /* libPods-cinematic-objc.a */,
				4CFC6175417F57FB2BDA3ECA /* libPods-cinematic-objcTests.a */,
			);
			name = Frameworks;
			sourceTree = "<group>";
		};
		C21C9C2B34A1799857AC1B22 /* Pods */ = {
			isa = PBXGroup;
			children = (
				5317D204396D4E4FE75FD79C /* Pods-cinematic-objc.debug.xcconfig */,
				56FAAFEB4E4F35C10BFD1C3A /* Pods-cinematic-objc.release.xcconfig */,
				116CD5455E01C275661808FB /* Pods-cinematic-objcTests.debug.xcconfig */,
				E6A8AF5A8FBCDACC34326A68 /* Pods-cinematic-objcTests.release.xcconfig */,
			);
			name = Pods;
			sourceTree = "<group>";
		};
/* End PBXGroup section */

/* Begin PBXNativeTarget section */
		2129BD191FCF103C0039C41C /* cinematic-objc */ = {
			isa = PBXNativeTarget;
			buildConfigurationList = 2129BD3C1FCF103C0039C41C /* Build configuration list for PBXNativeTarget "cinematic-objc" */;
			buildPhases = (
				4762D2BBB5A69D285CE48488 /* [CP] Check Pods Manifest.lock */,
				2129BD161FCF103C0039C41C /* Sources */,
				2129BD171FCF103C0039C41C /* Frameworks */,
				2129BD181FCF103C0039C41C /* Resources */,
				26EBDCD3EA2F5882CF3C31DB /* [CP] Embed Pods Frameworks */,
				D1862D49CFC188386784B8D7 /* [CP] Copy Pods Resources */,
			);
			buildRules = (
			);
			dependencies = (
			);
			name = "cinematic-objc";
			productName = "cinematic-objc";
			productReference = 2129BD1A1FCF103C0039C41C /* cinematic-objc.app */;
			productType = "com.apple.product-type.application";
		};
		2129BD321FCF103C0039C41C /* cinematic-objcTests */ = {
			isa = PBXNativeTarget;
			buildConfigurationList = 2129BD3F1FCF103C0039C41C /* Build configuration list for PBXNativeTarget "cinematic-objcTests" */;
			buildPhases = (
				D5CE99355127551E15F4267F /* [CP] Check Pods Manifest.lock */,
				2129BD2F1FCF103C0039C41C /* Sources */,
				2129BD301FCF103C0039C41C /* Frameworks */,
				2129BD311FCF103C0039C41C /* Resources */,
				A84A9A9AC6110B884C8777F6 /* [CP] Embed Pods Frameworks */,
				A9F6E5E9D1E976BCA50B8A68 /* [CP] Copy Pods Resources */,
			);
			buildRules = (
			);
			dependencies = (
				2129BD351FCF103C0039C41C /* PBXTargetDependency */,
			);
			name = "cinematic-objcTests";
			productName = "cinematic-objcTests";
			productReference = 2129BD331FCF103C0039C41C /* cinematic-objcTests.xctest */;
			productType = "com.apple.product-type.bundle.unit-test";
		};
/* End PBXNativeTarget section */

/* Begin PBXProject section */
		2129BD121FCF103C0039C41C /* Project object */ = {
			isa = PBXProject;
			attributes = {
				LastUpgradeCheck = 0830;
				ORGANIZATIONNAME = "AJ Priola";
				TargetAttributes = {
					2129BD191FCF103C0039C41C = {
						CreatedOnToolsVersion = 8.3.3;
						DevelopmentTeam = 2QRAF9G7R5;
						ProvisioningStyle = Automatic;
					};
					2129BD321FCF103C0039C41C = {
						CreatedOnToolsVersion = 8.3.3;
						DevelopmentTeam = 2QRAF9G7R5;
						ProvisioningStyle = Automatic;
						TestTargetID = 2129BD191FCF103C0039C41C;
					};
				};
			};
			buildConfigurationList = 2129BD151FCF103C0039C41C /* Build configuration list for PBXProject "cinematic-objc" */;
			compatibilityVersion = "Xcode 3.2";
			developmentRegion = English;
			hasScannedForEncodings = 0;
			knownRegions = (
				en,
				Base,
			);
			mainGroup = 2129BD111FCF103C0039C41C;
			productRefGroup = 2129BD1B1FCF103C0039C41C /* Products */;
			projectDirPath = "";
			projectRoot = "";
			targets = (
				2129BD191FCF103C0039C41C /* cinematic-objc */,
				2129BD321FCF103C0039C41C /* cinematic-objcTests */,
			);
		};
/* End PBXProject section */

/* Begin PBXResourcesBuildPhase section */
		2129BD181FCF103C0039C41C /* Resources */ = {
			isa = PBXResourcesBuildPhase;
			buildActionMask = 2147483647;
			files = (
				2129BD2D1FCF103C0039C41C /* LaunchScreen.storyboard in Resources */,
				2129BD2A1FCF103C0039C41C /* Assets.xcassets in Resources */,
				2129BD281FCF103C0039C41C /* Main.storyboard in Resources */,
			);
			runOnlyForDeploymentPostprocessing = 0;
		};
		2129BD311FCF103C0039C41C /* Resources */ = {
			isa = PBXResourcesBuildPhase;
			buildActionMask = 2147483647;
			files = (
			);
			runOnlyForDeploymentPostprocessing = 0;
		};
/* End PBXResourcesBuildPhase section */

/* Begin PBXShellScriptBuildPhase section */
		26EBDCD3EA2F5882CF3C31DB /* [CP] Embed Pods Frameworks */ = {
			isa = PBXShellScriptBuildPhase;
			buildActionMask = 2147483647;
			files = (
			);
			inputPaths = (
			);
			name = "[CP] Embed Pods Frameworks";
			outputPaths = (
			);
			runOnlyForDeploymentPostprocessing = 0;
			shellPath = /bin/sh;
			shellScript = "\"${SRCROOT}/Pods/Target Support Files/Pods-cinematic-objc/Pods-cinematic-objc-frameworks.sh\"\n";
			showEnvVarsInLog = 0;
		};
		4762D2BBB5A69D285CE48488 /* [CP] Check Pods Manifest.lock */ = {
			isa = PBXShellScriptBuildPhase;
			buildActionMask = 2147483647;
			files = (
			);
			inputPaths = (
				"${PODS_PODFILE_DIR_PATH}/Podfile.lock",
				"${PODS_ROOT}/Manifest.lock",
			);
			name = "[CP] Check Pods Manifest.lock";
			outputPaths = (
				"$(DERIVED_FILE_DIR)/Pods-cinematic-objc-checkManifestLockResult.txt",
			);
			runOnlyForDeploymentPostprocessing = 0;
			shellPath = /bin/sh;
			shellScript = "diff \"${PODS_PODFILE_DIR_PATH}/Podfile.lock\" \"${PODS_ROOT}/Manifest.lock\" > /dev/null\nif [ $? != 0 ] ; then\n    # print error to STDERR\n    echo \"error: The sandbox is not in sync with the Podfile.lock. Run 'pod install' or update your CocoaPods installation.\" >&2\n    exit 1\nfi\n# This output is used by Xcode 'outputs' to avoid re-running this script phase.\necho \"SUCCESS\" > \"${SCRIPT_OUTPUT_FILE_0}\"\n";
			showEnvVarsInLog = 0;
		};
		A84A9A9AC6110B884C8777F6 /* [CP] Embed Pods Frameworks */ = {
			isa = PBXShellScriptBuildPhase;
			buildActionMask = 2147483647;
			files = (
			);
			inputPaths = (
			);
			name = "[CP] Embed Pods Frameworks";
			outputPaths = (
			);
			runOnlyForDeploymentPostprocessing = 0;
			shellPath = /bin/sh;
			shellScript = "\"${SRCROOT}/Pods/Target Support Files/Pods-cinematic-objcTests/Pods-cinematic-objcTests-frameworks.sh\"\n";
			showEnvVarsInLog = 0;
		};
		A9F6E5E9D1E976BCA50B8A68 /* [CP] Copy Pods Resources */ = {
			isa = PBXShellScriptBuildPhase;
			buildActionMask = 2147483647;
			files = (
			);
			inputPaths = (
			);
			name = "[CP] Copy Pods Resources";
			outputPaths = (
			);
			runOnlyForDeploymentPostprocessing = 0;
			shellPath = /bin/sh;
			shellScript = "\"${SRCROOT}/Pods/Target Support Files/Pods-cinematic-objcTests/Pods-cinematic-objcTests-resources.sh\"\n";
			showEnvVarsInLog = 0;
		};
		D1862D49CFC188386784B8D7 /* [CP] Copy Pods Resources */ = {
			isa = PBXShellScriptBuildPhase;
			buildActionMask = 2147483647;
			files = (
			);
			inputPaths = (
			);
			name = "[CP] Copy Pods Resources";
			outputPaths = (
			);
			runOnlyForDeploymentPostprocessing = 0;
			shellPath = /bin/sh;
			shellScript = "\"${SRCROOT}/Pods/Target Support Files/Pods-cinematic-objc/Pods-cinematic-objc-resources.sh\"\n";
			showEnvVarsInLog = 0;
		};
		D5CE99355127551E15F4267F /* [CP] Check Pods Manifest.lock */ = {
			isa = PBXShellScriptBuildPhase;
			buildActionMask = 2147483647;
			files = (
			);
			inputPaths = (
				"${PODS_PODFILE_DIR_PATH}/Podfile.lock",
				"${PODS_ROOT}/Manifest.lock",
			);
			name = "[CP] Check Pods Manifest.lock";
			outputPaths = (
				"$(DERIVED_FILE_DIR)/Pods-cinematic-objcTests-checkManifestLockResult.txt",
			);
			runOnlyForDeploymentPostprocessing = 0;
			shellPath = /bin/sh;
			shellScript = "diff \"${PODS_PODFILE_DIR_PATH}/Podfile.lock\" \"${PODS_ROOT}/Manifest.lock\" > /dev/null\nif [ $? != 0 ] ; then\n    # print error to STDERR\n    echo \"error: The sandbox is not in sync with the Podfile.lock. Run 'pod install' or update your CocoaPods installation.\" >&2\n    exit 1\nfi\n# This output is used by Xcode 'outputs' to avoid re-running this script phase.\necho \"SUCCESS\" > \"${SCRIPT_OUTPUT_FILE_0}\"\n";
			showEnvVarsInLog = 0;
		};
/* End PBXShellScriptBuildPhase section */

/* Begin PBXSourcesBuildPhase section */
		2129BD161FCF103C0039C41C /* Sources */ = {
			isa = PBXSourcesBuildPhase;
			buildActionMask = 2147483647;
			files = (
				2129BD221FCF103C0039C41C /* AppDelegate.m in Sources */,
				2126FA021FD723050005893E /* ReviewsTableViewController.m in Sources */,
				2129BD471FCF13280039C41C /* Movie.m in Sources */,
				2129BD4D1FD0C13A0039C41C /* MovieDetailTableViewController.m in Sources */,
				2129BD1F1FCF103C0039C41C /* main.m in Sources */,
				2129BD4A1FCF3F610039C41C /* MovieTableViewCell.m in Sources */,
				2129BD501FD0C79A0039C41C /* PopularCollectionViewController.m in Sources */,
				2129BD531FD0CECE0039C41C /* PopularCollectionViewCell.m in Sources */,
				2126FA051FD723240005893E /* ReviewTableViewCell.m in Sources */,
				2129BD441FCF11FB0039C41C /* SearchTableViewController.m in Sources */,
				2126F9FF1FD720B60005893E /* Review.m in Sources */,
			);
			runOnlyForDeploymentPostprocessing = 0;
		};
		2129BD2F1FCF103C0039C41C /* Sources */ = {
			isa = PBXSourcesBuildPhase;
			buildActionMask = 2147483647;
			files = (
				2129BD381FCF103C0039C41C /* cinematic_objcTests.m in Sources */,
			);
			runOnlyForDeploymentPostprocessing = 0;
		};
/* End PBXSourcesBuildPhase section */

/* Begin PBXTargetDependency section */
		2129BD351FCF103C0039C41C /* PBXTargetDependency */ = {
			isa = PBXTargetDependency;
			target = 2129BD191FCF103C0039C41C /* cinematic-objc */;
			targetProxy = 2129BD341FCF103C0039C41C /* PBXContainerItemProxy */;
		};
/* End PBXTargetDependency section */

/* Begin PBXVariantGroup section */
		2129BD261FCF103C0039C41C /* Main.storyboard */ = {
			isa = PBXVariantGroup;
			children = (
				2129BD271FCF103C0039C41C /* Base */,
			);
			name = Main.storyboard;
			sourceTree = "<group>";
		};
		2129BD2B1FCF103C0039C41C /* LaunchScreen.storyboard */ = {
			isa = PBXVariantGroup;
			children = (
				2129BD2C1FCF103C0039C41C /* Base */,
			);
			name = LaunchScreen.storyboard;
			sourceTree = "<group>";
		};
/* End PBXVariantGroup section */

/* Begin XCBuildConfiguration section */
		2129BD3A1FCF103C0039C41C /* Debug */ = {
			isa = XCBuildConfiguration;
			buildSettings = {
				ALWAYS_SEARCH_USER_PATHS = NO;
				CLANG_ANALYZER_NONNULL = YES;
				CLANG_ANALYZER_NUMBER_OBJECT_CONVERSION = YES_AGGRESSIVE;
				CLANG_CXX_LANGUAGE_STANDARD = "gnu++0x";
				CLANG_CXX_LIBRARY = "libc++";
				CLANG_ENABLE_MODULES = YES;
				CLANG_ENABLE_OBJC_ARC = YES;
				CLANG_WARN_BOOL_CONVERSION = YES;
				CLANG_WARN_CONSTANT_CONVERSION = YES;
				CLANG_WARN_DIRECT_OBJC_ISA_USAGE = YES_ERROR;
				CLANG_WARN_DOCUMENTATION_COMMENTS = YES;
				CLANG_WARN_EMPTY_BODY = YES;
				CLANG_WARN_ENUM_CONVERSION = YES;
				CLANG_WARN_INFINITE_RECURSION = YES;
				CLANG_WARN_INT_CONVERSION = YES;
				CLANG_WARN_OBJC_ROOT_CLASS = YES_ERROR;
				CLANG_WARN_SUSPICIOUS_MOVE = YES;
				CLANG_WARN_UNREACHABLE_CODE = YES;
				CLANG_WARN__DUPLICATE_METHOD_MATCH = YES;
				"CODE_SIGN_IDENTITY[sdk=iphoneos*]" = "iPhone Developer";
				COPY_PHASE_STRIP = NO;
				DEBUG_INFORMATION_FORMAT = dwarf;
				ENABLE_STRICT_OBJC_MSGSEND = YES;
				ENABLE_TESTABILITY = YES;
				GCC_C_LANGUAGE_STANDARD = gnu99;
				GCC_DYNAMIC_NO_PIC = NO;
				GCC_NO_COMMON_BLOCKS = YES;
				GCC_OPTIMIZATION_LEVEL = 0;
				GCC_PREPROCESSOR_DEFINITIONS = (
					"DEBUG=1",
					"$(inherited)",
				);
				GCC_WARN_64_TO_32_BIT_CONVERSION = YES;
				GCC_WARN_ABOUT_RETURN_TYPE = YES_ERROR;
				GCC_WARN_UNDECLARED_SELECTOR = YES;
				GCC_WARN_UNINITIALIZED_AUTOS = YES_AGGRESSIVE;
				GCC_WARN_UNUSED_FUNCTION = YES;
				GCC_WARN_UNUSED_VARIABLE = YES;
				IPHONEOS_DEPLOYMENT_TARGET = 10.3;
				MTL_ENABLE_DEBUG_INFO = YES;
				ONLY_ACTIVE_ARCH = YES;
				SDKROOT = iphoneos;
			};
			name = Debug;
		};
		2129BD3B1FCF103C0039C41C /* Release */ = {
			isa = XCBuildConfiguration;
			buildSettings = {
				ALWAYS_SEARCH_USER_PATHS = NO;
				CLANG_ANALYZER_NONNULL = YES;
				CLANG_ANALYZER_NUMBER_OBJECT_CONVERSION = YES_AGGRESSIVE;
				CLANG_CXX_LANGUAGE_STANDARD = "gnu++0x";
				CLANG_CXX_LIBRARY = "libc++";
				CLANG_ENABLE_MODULES = YES;
				CLANG_ENABLE_OBJC_ARC = YES;
				CLANG_WARN_BOOL_CONVERSION = YES;
				CLANG_WARN_CONSTANT_CONVERSION = YES;
				CLANG_WARN_DIRECT_OBJC_ISA_USAGE = YES_ERROR;
				CLANG_WARN_DOCUMENTATION_COMMENTS = YES;
				CLANG_WARN_EMPTY_BODY = YES;
				CLANG_WARN_ENUM_CONVERSION = YES;
				CLANG_WARN_INFINITE_RECURSION = YES;
				CLANG_WARN_INT_CONVERSION = YES;
				CLANG_WARN_OBJC_ROOT_CLASS = YES_ERROR;
				CLANG_WARN_SUSPICIOUS_MOVE = YES;
				CLANG_WARN_UNREACHABLE_CODE = YES;
				CLANG_WARN__DUPLICATE_METHOD_MATCH = YES;
				"CODE_SIGN_IDENTITY[sdk=iphoneos*]" = "iPhone Developer";
				COPY_PHASE_STRIP = NO;
				DEBUG_INFORMATION_FORMAT = "dwarf-with-dsym";
				ENABLE_NS_ASSERTIONS = NO;
				ENABLE_STRICT_OBJC_MSGSEND = YES;
				GCC_C_LANGUAGE_STANDARD = gnu99;
				GCC_NO_COMMON_BLOCKS = YES;
				GCC_WARN_64_TO_32_BIT_CONVERSION = YES;
				GCC_WARN_ABOUT_RETURN_TYPE = YES_ERROR;
				GCC_WARN_UNDECLARED_SELECTOR = YES;
				GCC_WARN_UNINITIALIZED_AUTOS = YES_AGGRESSIVE;
				GCC_WARN_UNUSED_FUNCTION = YES;
				GCC_WARN_UNUSED_VARIABLE = YES;
				IPHONEOS_DEPLOYMENT_TARGET = 10.3;
				MTL_ENABLE_DEBUG_INFO = NO;
				SDKROOT = iphoneos;
				VALIDATE_PRODUCT = YES;
			};
			name = Release;
		};
		2129BD3D1FCF103C0039C41C /* Debug */ = {
			isa = XCBuildConfiguration;
			baseConfigurationReference = 5317D204396D4E4FE75FD79C /* Pods-cinematic-objc.debug.xcconfig */;
			buildSettings = {
				ASSETCATALOG_COMPILER_APPICON_NAME = AppIcon;
				DEVELOPMENT_TEAM = 2QRAF9G7R5;
				INFOPLIST_FILE = "cinematic-objc/Info.plist";
				LD_RUNPATH_SEARCH_PATHS = "$(inherited) @executable_path/Frameworks";
				PRODUCT_BUNDLE_IDENTIFIER = "com.ajpriola.cinematic-objc";
				PRODUCT_NAME = "$(TARGET_NAME)";
			};
			name = Debug;
		};
		2129BD3E1FCF103C0039C41C /* Release */ = {
			isa = XCBuildConfiguration;
			baseConfigurationReference = 56FAAFEB4E4F35C10BFD1C3A /* Pods-cinematic-objc.release.xcconfig */;
			buildSettings = {
				ASSETCATALOG_COMPILER_APPICON_NAME = AppIcon;
				DEVELOPMENT_TEAM = 2QRAF9G7R5;
				INFOPLIST_FILE = "cinematic-objc/Info.plist";
				LD_RUNPATH_SEARCH_PATHS = "$(inherited) @executable_path/Frameworks";
				PRODUCT_BUNDLE_IDENTIFIER = "com.ajpriola.cinematic-objc";
				PRODUCT_NAME = "$(TARGET_NAME)";
			};
			name = Release;
		};
		2129BD401FCF103C0039C41C /* Debug */ = {
			isa = XCBuildConfiguration;
			baseConfigurationReference = 116CD5455E01C275661808FB /* Pods-cinematic-objcTests.debug.xcconfig */;
			buildSettings = {
				BUNDLE_LOADER = "$(TEST_HOST)";
				DEVELOPMENT_TEAM = 2QRAF9G7R5;
				INFOPLIST_FILE = "cinematic-objcTests/Info.plist";
				LD_RUNPATH_SEARCH_PATHS = "$(inherited) @executable_path/Frameworks @loader_path/Frameworks";
				PRODUCT_BUNDLE_IDENTIFIER = "com.ajpriola.cinematic-objcTests";
				PRODUCT_NAME = "$(TARGET_NAME)";
				TEST_HOST = "$(BUILT_PRODUCTS_DIR)/cinematic-objc.app/cinematic-objc";
			};
			name = Debug;
		};
		2129BD411FCF103C0039C41C /* Release */ = {
			isa = XCBuildConfiguration;
			baseConfigurationReference = E6A8AF5A8FBCDACC34326A68 /* Pods-cinematic-objcTests.release.xcconfig */;
			buildSettings = {
				BUNDLE_LOADER = "$(TEST_HOST)";
				DEVELOPMENT_TEAM = 2QRAF9G7R5;
				INFOPLIST_FILE = "cinematic-objcTests/Info.plist";
				LD_RUNPATH_SEARCH_PATHS = "$(inherited) @executable_path/Frameworks @loader_path/Frameworks";
				PRODUCT_BUNDLE_IDENTIFIER = "com.ajpriola.cinematic-objcTests";
				PRODUCT_NAME = "$(TARGET_NAME)";
				TEST_HOST = "$(BUILT_PRODUCTS_DIR)/cinematic-objc.app/cinematic-objc";
			};
			name = Release;
		};
/* End XCBuildConfiguration section */

/* Begin XCConfigurationList section */
		2129BD151FCF103C0039C41C /* Build configuration list for PBXProject "cinematic-objc" */ = {
			isa = XCConfigurationList;
			buildConfigurations = (
				2129BD3A1FCF103C0039C41C /* Debug */,
				2129BD3B1FCF103C0039C41C /* Release */,
			);
			defaultConfigurationIsVisible = 0;
			defaultConfigurationName = Release;
		};
		2129BD3C1FCF103C0039C41C /* Build configuration list for PBXNativeTarget "cinematic-objc" */ = {
			isa = XCConfigurationList;
			buildConfigurations = (
				2129BD3D1FCF103C0039C41C /* Debug */,
				2129BD3E1FCF103C0039C41C /* Release */,
			);
			defaultConfigurationIsVisible = 0;
			defaultConfigurationName = Release;
		};
		2129BD3F1FCF103C0039C41C /* Build configuration list for PBXNativeTarget "cinematic-objcTests" */ = {
			isa = XCConfigurationList;
			buildConfigurations = (
				2129BD401FCF103C0039C41C /* Debug */,
				2129BD411FCF103C0039C41C /* Release */,
			);
			defaultConfigurationIsVisible = 0;
			defaultConfigurationName = Release;
		};
/* End XCConfigurationList section */
	};
	rootObject = 2129BD121FCF103C0039C41C /* Project object */;
}
